{
  "lockfileVersion": 1,
  "configVersion": 0,
  "workspaces": {
    "": {
      "name": "@toverux/pdxmods-intl-scrapper",
      "dependencies": {
        "@biomejs/biome": "^2.3.6",
        "chalk": "^5.6.2",
        "lefthook": "^2.0.4",
        "yargs": "^18.0.0",
      },
      "devDependencies": {
        "@toverux/blanc-hopital": "^2.1.0",
        "@types/bun": "latest",
        "@types/yargs": "^17.0.35",
      },
      "peerDependencies": {
        "typescript": "^5.9.3",
      },
    },
  },
  "trustedDependencies": [
    "@biomejs/biome",
    "lefthook",
  ],
  "packages": {
    "@biomejs/biome": ["@biomejs/biome@2.3.6", "", { "optionalDependencies": { "@biomejs/cli-darwin-arm64": "2.3.6", "@biomejs/cli-darwin-x64": "2.3.6", "@biomejs/cli-linux-arm64": "2.3.6", "@biomejs/cli-linux-arm64-musl": "2.3.6", "@biomejs/cli-linux-x64": "2.3.6", "@biomejs/cli-linux-x64-musl": "2.3.6", "@biomejs/cli-win32-arm64": "2.3.6", "@biomejs/cli-win32-x64": "2.3.6" }, "bin": { "biome": "bin/biome" } }, "sha512-oqUhWyU6tae0MFsr/7iLe++QWRg+6jtUhlx9/0GmCWDYFFrK366sBLamNM7D9Y+c7YSynUFKr8lpEp1r6Sk7eA=="],

    "@biomejs/cli-darwin-arm64": ["@biomejs/cli-darwin-arm64@2.3.6", "", { "os": "darwin", "cpu": "arm64" }, "sha512-P4JWE5d8UayBxYe197QJwyW4ZHp0B+zvRIGCusOm1WbxmlhpAQA1zEqQuunHgSIzvyEEp4TVxiKGXNFZPg7r9Q=="],

    "@biomejs/cli-darwin-x64": ["@biomejs/cli-darwin-x64@2.3.6", "", { "os": "darwin", "cpu": "x64" }, "sha512-I4rTebj+F/L9K93IU7yTFs8nQ6EhaCOivxduRha4w4WEZK80yoZ8OAdR1F33m4yJ/NfUuTUbP/Wjs+vKjlCoWA=="],

    "@biomejs/cli-linux-arm64": ["@biomejs/cli-linux-arm64@2.3.6", "", { "os": "linux", "cpu": "arm64" }, "sha512-JjYy83eVBnvuINZiqyFO7xx72v8Srh4hsgaacSBCjC22DwM6+ZvnX1/fj8/SBiLuUOfZ8YhU2pfq2Dzakeyg1A=="],

    "@biomejs/cli-linux-arm64-musl": ["@biomejs/cli-linux-arm64-musl@2.3.6", "", { "os": "linux", "cpu": "arm64" }, "sha512-oK1NpIXIixbJ/4Tcx40cwiieqah6rRUtMGOHDeK2ToT7yUFVEvXUGRKqH0O4hqZ9tW8TcXNZKfgRH6xrsjVtGg=="],

    "@biomejs/cli-linux-x64": ["@biomejs/cli-linux-x64@2.3.6", "", { "os": "linux", "cpu": "x64" }, "sha512-ZjPXzy5yN9wusIoX+8Zp4p6cL8r0NzJCXg/4r1KLVveIPXd2jKVlqZ6ZyzEq385WwU3OX5KOwQYLQsOc788waQ=="],

    "@biomejs/cli-linux-x64-musl": ["@biomejs/cli-linux-x64-musl@2.3.6", "", { "os": "linux", "cpu": "x64" }, "sha512-QvxB8GHQeaO4FCtwJpJjCgJkbHBbWxRHUxQlod+xeaYE6gtJdSkYkuxdKAQUZEOIsec+PeaDAhW9xjzYbwmOFA=="],

    "@biomejs/cli-win32-arm64": ["@biomejs/cli-win32-arm64@2.3.6", "", { "os": "win32", "cpu": "arm64" }, "sha512-YM7hLHpwjdt8R7+O2zS1Vo2cKgqEeptiXB1tWW1rgjN5LlpZovBVKtg7zfwfRrFx3i08aNZThYpTcowpTlczug=="],

    "@biomejs/cli-win32-x64": ["@biomejs/cli-win32-x64@2.3.6", "", { "os": "win32", "cpu": "x64" }, "sha512-psgNEYgMAobY5h+QHRBVR9xvg2KocFuBKm6axZWB/aD12NWhQjiVFQUjV6wMXhlH4iT0Q9c3yK5JFRiDC/rzHA=="],

    "@toverux/blanc-hopital": ["@toverux/blanc-hopital@2.1.0", "", { "optionalDependencies": { "@biomejs/biome": "^2.3.0", "typescript": "^5.9.3" } }, "sha512-dJEx+qBmHoMQ6xqj4YfSIjiaOoGYmB3m27cXo0xvwiqpdja2TX8tz/YXclYuLYSj0Up7iPtJxKWLacrxcjglXQ=="],

    "@types/bun": ["@types/bun@1.3.2", "", { "dependencies": { "bun-types": "1.3.2" } }, "sha512-t15P7k5UIgHKkxwnMNkJbWlh/617rkDGEdSsDbu+qNHTaz9SKf7aC8fiIlUdD5RPpH6GEkP0cK7WlvmrEBRtWg=="],

    "@types/node": ["@types/node@20.12.14", "", { "dependencies": { "undici-types": "~5.26.4" } }, "sha512-scnD59RpYD91xngrQQLGkE+6UrHUPzeKZWhhjBSa3HSkwjbQc38+q3RoIVEwxQGRw3M+j5hpNAM+lgV3cVormg=="],

    "@types/react": ["@types/react@19.2.6", "", { "dependencies": { "csstype": "^3.2.2" } }, "sha512-p/jUvulfgU7oKtj6Xpk8cA2Y1xKTtICGpJYeJXz2YVO2UcvjQgeRMLDGfDeqeRW2Ta+0QNFwcc8X3GH8SxZz6w=="],

    "@types/yargs": ["@types/yargs@17.0.35", "", { "dependencies": { "@types/yargs-parser": "*" } }, "sha512-qUHkeCyQFxMXg79wQfTtfndEC+N9ZZg76HJftDJp+qH2tV7Gj4OJi7l+PiWwJ+pWtW8GwSmqsDj/oymhrTWXjg=="],

    "@types/yargs-parser": ["@types/yargs-parser@21.0.3", "", {}, "sha512-I4q9QU9MQv4oEOz4tAHJtNz1cwuLxn2F3xcc2iV5WdqLPpUnj30aUuxt1mAxYTG+oe8CZMV/+6rU4S4gRDzqtQ=="],

    "ansi-regex": ["ansi-regex@6.2.2", "", {}, "sha512-Bq3SmSpyFHaWjPk8If9yc6svM8c56dB5BAtW4Qbw5jHTwwXXcTLoRMkpDJp6VL0XzlWaCHTXrkFURMYmD0sLqg=="],

    "ansi-styles": ["ansi-styles@6.2.3", "", {}, "sha512-4Dj6M28JB+oAH8kFkTLUo+a2jwOFkuqb3yucU0CANcRRUbxS0cP0nZYCGjcc3BNXwRIsUVmDGgzawme7zvJHvg=="],

    "bun-types": ["bun-types@1.3.2", "", { "dependencies": { "@types/node": "*" }, "peerDependencies": { "@types/react": "^19" } }, "sha512-i/Gln4tbzKNuxP70OWhJRZz1MRfvqExowP7U6JKoI8cntFrtxg7RJK3jvz7wQW54UuvNC8tbKHHri5fy74FVqg=="],

    "chalk": ["chalk@5.6.2", "", {}, "sha512-7NzBL0rN6fMUW+f7A6Io4h40qQlG+xGmtMxfbnH/K7TAtt8JQWVQK+6g0UXKMeVJoyV5EkkNsErQ8pVD3bLHbA=="],

    "cliui": ["cliui@9.0.1", "", { "dependencies": { "string-width": "^7.2.0", "strip-ansi": "^7.1.0", "wrap-ansi": "^9.0.0" } }, "sha512-k7ndgKhwoQveBL+/1tqGJYNz097I7WOvwbmmU2AR5+magtbjPWQTS1C5vzGkBC8Ym8UWRzfKUzUUqFLypY4Q+w=="],

    "csstype": ["csstype@3.2.3", "", {}, "sha512-z1HGKcYy2xA8AGQfwrn0PAy+PB7X/GSj3UVJW9qKyn43xWa+gl5nXmU4qqLMRzWVLFC8KusUX8T/0kCiOYpAIQ=="],

    "emoji-regex": ["emoji-regex@10.6.0", "", {}, "sha512-toUI84YS5YmxW219erniWD0CIVOo46xGKColeNQRgOzDorgBi1v4D71/OFzgD9GO2UGKIv1C3Sp8DAn0+j5w7A=="],

    "escalade": ["escalade@3.1.2", "", {}, "sha512-ErCHMCae19vR8vQGe50xIsVomy19rg6gFu3+r3jkEO46suLMWBksvVyoGgQV+jOfl84ZSOSlmv6Gxa89PmTGmA=="],

    "get-caller-file": ["get-caller-file@2.0.5", "", {}, "sha512-DyFP3BM/3YHTQOCUL/w0OZHR0lpKeGrxotcHWcqNEdnltqFwXVfhEBQ94eIo34AfQpo0rGki4cyIiftY06h2Fg=="],

    "get-east-asian-width": ["get-east-asian-width@1.4.0", "", {}, "sha512-QZjmEOC+IT1uk6Rx0sX22V6uHWVwbdbxf1faPqJ1QhLdGgsRGCZoyaQBm/piRdJy/D2um6hM1UP7ZEeQ4EkP+Q=="],

    "lefthook": ["lefthook@2.0.4", "", { "optionalDependencies": { "lefthook-darwin-arm64": "2.0.4", "lefthook-darwin-x64": "2.0.4", "lefthook-freebsd-arm64": "2.0.4", "lefthook-freebsd-x64": "2.0.4", "lefthook-linux-arm64": "2.0.4", "lefthook-linux-x64": "2.0.4", "lefthook-openbsd-arm64": "2.0.4", "lefthook-openbsd-x64": "2.0.4", "lefthook-windows-arm64": "2.0.4", "lefthook-windows-x64": "2.0.4" }, "bin": { "lefthook": "bin/index.js" } }, "sha512-GNCU2vQWM/UWjiEF23601aILi1aMbPke6viortH7wIO/oVGOCW0H6FdLez4XZDyqnHL9XkTnd0BBVrBbYVMLpA=="],

    "lefthook-darwin-arm64": ["lefthook-darwin-arm64@2.0.4", "", { "os": "darwin", "cpu": "arm64" }, "sha512-AR63/O5UkM7Sc6x5PhP4vTuztTYRBeBroXApeWGM/8e5uZyoQug/7KTh7xhbCMDf8WJv6vdFeXAQCPSmDyPU3Q=="],

    "lefthook-darwin-x64": ["lefthook-darwin-x64@2.0.4", "", { "os": "darwin", "cpu": "x64" }, "sha512-618DVUttSzV9egQiqTQoxGfnR240JoPWYmqRVHhiegnQKZ2lp5XJ+7NMxeRk/ih93VVOLzFO5ky3PbpxTmJgjQ=="],

    "lefthook-freebsd-arm64": ["lefthook-freebsd-arm64@2.0.4", "", { "os": "freebsd", "cpu": "arm64" }, "sha512-mTAQym1BK38fKglHBQ/0GXPznVC4LoStHO5lAI3ZxaEC0FQetqGHYFzhWbIH5sde9JhztE2rL/aBzMHDoAtzSw=="],

    "lefthook-freebsd-x64": ["lefthook-freebsd-x64@2.0.4", "", { "os": "freebsd", "cpu": "x64" }, "sha512-sy02aSxd8UMd6XmiPFVl/Em0b78jdZcDSsLwg+bweJQQk0l+vJhOfqFiG11mbnpo+EBIZmRe6OH5LkxeSU36+w=="],

    "lefthook-linux-arm64": ["lefthook-linux-arm64@2.0.4", "", { "os": "linux", "cpu": "arm64" }, "sha512-W0Nlr/Cz2QTH9n4k5zNrk3LSsg1C4wHiJi8hrAiQVTaAV/N1XrKqd0DevqQuouuapG6pw/6B1xCgiNPebv9oyw=="],

    "lefthook-linux-x64": ["lefthook-linux-x64@2.0.4", "", { "os": "linux", "cpu": "x64" }, "sha512-N6ySVCtB/DrOZ1ZgPL8WBZTgtoVHvcPKI+LV5wbcGrvA/dzDZFvniadrbDWZg7Tm705efiQzyENjwhhqNkwiww=="],

    "lefthook-openbsd-arm64": ["lefthook-openbsd-arm64@2.0.4", "", { "os": "openbsd", "cpu": "arm64" }, "sha512-VmOhJO3pYzZ/1C2WFXtL/n5pq4/eYOroqJJpwTJfmCHyw4ceLACu8MDyU5AMJhGMkbL8mPxGInJKxg5xhYgGRw=="],

    "lefthook-openbsd-x64": ["lefthook-openbsd-x64@2.0.4", "", { "os": "openbsd", "cpu": "x64" }, "sha512-U8MZz1xlHUdflkQQ2hkMQsei6fSZbs8tuE4EjCIHWnNdnAF4V8sZ6n1KbxsJcoZXPyBZqxZSMu1o/Ye8IAMVKg=="],

    "lefthook-windows-arm64": ["lefthook-windows-arm64@2.0.4", "", { "os": "win32", "cpu": "arm64" }, "sha512-543H3y2JAwNdvwUQ6nlNBG7rdKgoOUgzAa6pYcl6EoqicCRrjRmGhkJu7vUudkkrD2Wjm7tr9hU9poP2g5fRFQ=="],

    "lefthook-windows-x64": ["lefthook-windows-x64@2.0.4", "", { "os": "win32", "cpu": "x64" }, "sha512-UDEPK9RWKm60xsNOdS/DQOdFba0SFa4w3tpFMXK1AJzmRHhosoKrorXGhtTr6kcM0MGKOtYi8GHsm++ArZ9wvQ=="],

    "string-width": ["string-width@7.2.0", "", { "dependencies": { "emoji-regex": "^10.3.0", "get-east-asian-width": "^1.0.0", "strip-ansi": "^7.1.0" } }, "sha512-tsaTIkKW9b4N+AEj+SVA+WhJzV7/zMhcSu78mLKWSk7cXMOSHsBKFWUs0fWwq8QyK3MgJBQRX6Gbi4kYbdvGkQ=="],

    "strip-ansi": ["strip-ansi@7.1.2", "", { "dependencies": { "ansi-regex": "^6.0.1" } }, "sha512-gmBGslpoQJtgnMAvOVqGZpEz9dyoKTCzy2nfz/n8aIFhN/jCE/rCmcxabB6jOOHV+0WNnylOxaxBQPSvcWklhA=="],

    "typescript": ["typescript@5.9.3", "", { "bin": { "tsc": "bin/tsc", "tsserver": "bin/tsserver" } }, "sha512-jl1vZzPDinLr9eUt3J/t7V6FgNEw9QjvBPdysz9KfQDD41fQrC2Y4vKQdiaUpFT4bXlb1RHhLpp8wtm6M5TgSw=="],

    "undici-types": ["undici-types@5.26.5", "", {}, "sha512-JlCMO+ehdEIKqlFxk6IfVoAUVmgz7cU7zD/h9XZ0qzeosSHmUJVOzSQvvYSYWXkFXC+IfLKSIffhv0sVZup6pA=="],

    "wrap-ansi": ["wrap-ansi@9.0.2", "", { "dependencies": { "ansi-styles": "^6.2.1", "string-width": "^7.0.0", "strip-ansi": "^7.1.0" } }, "sha512-42AtmgqjV+X1VpdOfyTGOYRi0/zsoLqtXQckTmqTeybT+BDIbM/Guxo7x3pE2vtpr1ok6xRqM9OpBe+Jyoqyww=="],

    "y18n": ["y18n@5.0.8", "", {}, "sha512-0pfFzegeDWJHJIAmTLRP2DwHjdF5s7jo9tuztdQxAhINCdvS+3nGINqPd00AphqJR/0LhANUS6/+7SCb98YOfA=="],

    "yargs": ["yargs@18.0.0", "", { "dependencies": { "cliui": "^9.0.1", "escalade": "^3.1.1", "get-caller-file": "^2.0.5", "string-width": "^7.2.0", "y18n": "^5.0.5", "yargs-parser": "^22.0.0" } }, "sha512-4UEqdc2RYGHZc7Doyqkrqiln3p9X2DZVxaGbwhn2pi7MrRagKaOcIKe8L3OxYcbhXLgLFUS3zAYuQjKBQgmuNg=="],

    "yargs-parser": ["yargs-parser@22.0.0", "", {}, "sha512-rwu/ClNdSMpkSrUb+d6BRsSkLUq1fmfsY6TOpYzTwvwkg1/NRG85KBy3kq++A8LKQwX6lsu+aWad+2khvuXrqw=="],
  }
}
